
Microsoft Visual Studio Solution File, Format Version 12.00
# Visual Studio Version 16
VisualStudioVersion = 16.0.31229.75
MinimumVisualStudioVersion = 10.0.40219.1
Project("{FAE04EC0-301F-11D3-BF4B-00C04F79EFBC}") = "Lab1", "Lab1.csproj", "{59CE2CA0-2B19-4D76-884F-801FC472BA71}"
EndProject
Global
	GlobalSection(SolutionConfigurationPlatforms) = preSolution
		Debug|Any CPU = Debug|Any CPU
		Release|Any CPU = Release|Any CPU
	EndGlobalSection
	GlobalSection(ProjectConfigurationPlatforms) = postSolution
		{59CE2CA0-2B19-4D76-884F-801FC472BA71}.Debug|Any CPU.ActiveCfg = Debug|Any CPU
		{59CE2CA0-2B19-4D76-884F-801FC472BA71}.Debug|Any CPU.Build.0 = Debug|Any CPU
		{59CE2CA0-2B19-4D76-884F-801FC472BA71}.Release|Any CPU.ActiveCfg = Release|Any CPU
		{59CE2CA0-2B19-4D76-884F-801FC472BA71}.Release|Any CPU.Build.0 = Release|Any CPU
	EndGlobalSection
	GlobalSection(SolutionProperties) = preSolution
		HideSolutionNode = FALSE
	EndGlobalSection
	GlobalSection(ExtensibilityGlobals) = postSolution
		SolutionGuid = {70A5F2B5-B8C9-409D-A564-3CBE609E786F}
	EndGlobalSection
EndGlobal
